{
  "name": "electron-filesystem",
  "version": "1.0.0",
  "lockfileVersion": 1,
  "requires": true,
  "dependencies": {
    "async-validator": {
      "version": "1.7.1",
      "resolved": "http://registry.npm.taobao.org/async-validator/download/async-validator-1.7.1.tgz",
      "integrity": "sha1-idPXo4TKXQXg8Hv1F1TVkeLP7GE=",
      "requires": {
        "babel-runtime": "6.25.0"
      }
    },
    "babel-runtime": {
      "version": "6.25.0",
      "resolved": "http://registry.npm.taobao.org/babel-runtime/download/babel-runtime-6.25.0.tgz",
      "integrity": "sha1-M7mOql1IK7AajRqmtDetKwGuxBw=",
      "requires": {
        "core-js": "2.5.0",
        "regenerator-runtime": "0.10.5"
      }
    },
    "core-js": {
      "version": "2.5.0",
      "resolved": "http://registry.npm.taobao.org/core-js/download/core-js-2.5.0.tgz",
      "integrity": "sha1-VpwFCRi+ZIazg3VSAorgRmtxcIY="
    },
    "deepmerge": {
      "version": "1.5.0",
      "resolved": "http://registry.npm.taobao.org/deepmerge/download/deepmerge-1.5.0.tgz",
      "integrity": "sha1-ALxbiP0juBMPn1BJBxw0IOB6VGU="
    },
    "dotenv": {
      "version": "4.0.0",
      "resolved": "http://registry.npm.taobao.org/dotenv/download/dotenv-4.0.0.tgz",
      "integrity": "sha1-hk7xN5rO1Vzm+V3r7NzhefegzR0="
    },
    "iconv-lite": {
      "version": "0.4.18",
      "resolved": "http://registry.npm.taobao.org/iconv-lite/download/iconv-lite-0.4.18.tgz",
      "integrity": "sha1-I9hlaxaq5nQqwpcy6o8DNqR4nPI="
    },
    "iview": {
      "version": "2.0.0",
      "resolved": "http://registry.npm.taobao.org/iview/download/iview-2.0.0.tgz",
      "integrity": "sha1-gBkd8+H/MegPTHrtsQuW2CjbCQY=",
      "requires": {
        "async-validator": "1.7.1",
        "core-js": "2.5.0",
        "deepmerge": "1.5.0",
        "popper.js": "0.6.4"
      }
    },
    "node-wmic": {
      "version": "1.1.0",
      "resolved": "http://registry.npm.taobao.org/node-wmic/download/node-wmic-1.1.0.tgz",
      "integrity": "sha1-gUoGuIFkUwt2W+W8UplavuvvkFQ=",
      "requires": {
        "iconv-lite": "0.4.18"
      }
    },
    "popper.js": {
      "version": "0.6.4",
      "resolved": "http://registry.npm.taobao.org/popper.js/download/popper.js-0.6.4.tgz",
      "integrity": "sha1-GDfEdgr1TSuyC2b5wJuSmT2Exik="
    },
    "regenerator-runtime": {
      "version": "0.10.5",
      "resolved": "http://registry.npm.taobao.org/regenerator-runtime/download/regenerator-runtime-0.10.5.tgz",
      "integrity": "sha1-M2w+/BIgrc7dosn6tntaeVWjNlg="
    },
    "reset-css": {
      "version": "2.2.1",
      "resolved": "http://registry.npm.taobao.org/reset-css/download/reset-css-2.2.1.tgz",
      "integrity": "sha1-/jIEwMSDGXn7tJZ8kKmS8BZGNe0="
    },
    "vue": {
      "version": "2.4.2",
      "resolved": "http://registry.npm.taobao.org/vue/download/vue-2.4.2.tgz",
      "integrity": "sha1-qYVSYfGRyXjMDcEVBTG40IFJtYw="
    },
    "vue-electron": {
      "version": "1.0.6",
      "resolved": "http://registry.npm.taobao.org/vue-electron/download/vue-electron-1.0.6.tgz",
      "integrity": "sha1-55jgMYC4kzU53v4x+S5TuSQrlAY="
    },
    "vue-router": {
      "version": "2.7.0",
      "resolved": "http://registry.npm.taobao.org/vue-router/download/vue-router-2.7.0.tgz",
      "integrity": "sha1-FtQkSTqlHDyMzot8chDqTDqJr/E="
    },
    "vuex": {
      "version": "2.3.1",
      "resolved": "http://registry.npm.taobao.org/vuex/download/vuex-2.3.1.tgz",
      "integrity": "sha1-zejpl8H5lXcZvH3qFU+appHZgaY="
    }
  }
}
